// !$*UTF8*$!
{
	archiveVersion = 1;
	classes = {
	};
	objectVersion = 50;
	objects = {

/* Begin PBXBuildFile section */
		833D95F6765BAA82907F95D4 /* Pods_PhotoLab.framework in Frameworks */ = {isa = PBXBuildFile; fileRef = 07894CB84F3F541922252F92 /* Pods_PhotoLab.framework */; };
		C42561E221FD97F300729C0C /* AppDelegate.swift in Sources */ = {isa = PBXBuildFile; fileRef = C42561E121FD97F300729C0C /* AppDelegate.swift */; };
		C42561E421FD97F300729C0C /* ViewController.swift in Sources */ = {isa = PBXBuildFile; fileRef = C42561E321FD97F300729C0C /* ViewController.swift */; };
		C42561E721FD97F300729C0C /* Main.storyboard in Resources */ = {isa = PBXBuildFile; fileRef = C42561E521FD97F300729C0C /* Main.storyboard */; };
		C42561E921FD97F700729C0C /* Assets.xcassets in Resources */ = {isa = PBXBuildFile; fileRef = C42561E821FD97F700729C0C /* Assets.xcassets */; };
		C42561EC21FD97F700729C0C /* LaunchScreen.storyboard in Resources */ = {isa = PBXBuildFile; fileRef = C42561EA21FD97F700729C0C /* LaunchScreen.storyboard */; };
		C49F000E21FDBDC600AB756B /* PhotoViewController.swift in Sources */ = {isa = PBXBuildFile; fileRef = C49F000D21FDBDC600AB756B /* PhotoViewController.swift */; };
		C49F001321FDC21100AB756B /* Transport.swift in Sources */ = {isa = PBXBuildFile; fileRef = C49F001021FDC21100AB756B /* Transport.swift */; };
		C49F001521FDC21100AB756B /* Parser.swift in Sources */ = {isa = PBXBuildFile; fileRef = C49F001221FDC21100AB756B /* Parser.swift */; };
		C49F001721FDC22B00AB756B /* ServiceLayer.swift in Sources */ = {isa = PBXBuildFile; fileRef = C49F001621FDC22B00AB756B /* ServiceLayer.swift */; };
		C49F002021FDC23800AB756B /* NewsServiceImpl.swift in Sources */ = {isa = PBXBuildFile; fileRef = C49F001921FDC23800AB756B /* NewsServiceImpl.swift */; };
		C49F002121FDC23800AB756B /* NewsService.swift in Sources */ = {isa = PBXBuildFile; fileRef = C49F001B21FDC23800AB756B /* NewsService.swift */; };
		C49F002221FDC23800AB756B /* AddNewsResponse.swift in Sources */ = {isa = PBXBuildFile; fileRef = C49F001D21FDC23800AB756B /* AddNewsResponse.swift */; };
		C49F002321FDC23800AB756B /* NewsRepsonse.swift in Sources */ = {isa = PBXBuildFile; fileRef = C49F001E21FDC23800AB756B /* NewsRepsonse.swift */; };
		C49F002421FDC23800AB756B /* DeleteNewsResponse.swift in Sources */ = {isa = PBXBuildFile; fileRef = C49F001F21FDC23800AB756B /* DeleteNewsResponse.swift */; };
		C49F002621FDC37200AB756B /* AddPhotoPresentationModel.swift in Sources */ = {isa = PBXBuildFile; fileRef = C49F002521FDC37200AB756B /* AddPhotoPresentationModel.swift */; };
		C49F002821FDCA8600AB756B /* PresentationModel.swift in Sources */ = {isa = PBXBuildFile; fileRef = C49F002721FDCA8500AB756B /* PresentationModel.swift */; };
		C49F002A21FDCB3B00AB756B /* PhotoViewModel.swift in Sources */ = {isa = PBXBuildFile; fileRef = C49F002921FDCB3B00AB756B /* PhotoViewModel.swift */; };
/* End PBXBuildFile section */

/* Begin PBXFileReference section */
		07894CB84F3F541922252F92 /* Pods_PhotoLab.framework */ = {isa = PBXFileReference; explicitFileType = wrapper.framework; includeInIndex = 0; path = Pods_PhotoLab.framework; sourceTree = BUILT_PRODUCTS_DIR; };
		4F71DD6FFFABEBDE3B677D3D /* Pods-PhotoLab.release.xcconfig */ = {isa = PBXFileReference; includeInIndex = 1; lastKnownFileType = text.xcconfig; name = "Pods-PhotoLab.release.xcconfig"; path = "Pods/Target Support Files/Pods-PhotoLab/Pods-PhotoLab.release.xcconfig"; sourceTree = "<group>"; };
		C42561DE21FD97F300729C0C /* PhotoLab.app */ = {isa = PBXFileReference; explicitFileType = wrapper.application; includeInIndex = 0; path = PhotoLab.app; sourceTree = BUILT_PRODUCTS_DIR; };
		C42561E121FD97F300729C0C /* AppDelegate.swift */ = {isa = PBXFileReference; lastKnownFileType = sourcecode.swift; path = AppDelegate.swift; sourceTree = "<group>"; };
		C42561E321FD97F300729C0C /* ViewController.swift */ = {isa = PBXFileReference; lastKnownFileType = sourcecode.swift; path = ViewController.swift; sourceTree = "<group>"; };
		C42561E621FD97F300729C0C /* Base */ = {isa = PBXFileReference; lastKnownFileType = file.storyboard; name = Base; path = Base.lproj/Main.storyboard; sourceTree = "<group>"; };
		C42561E821FD97F700729C0C /* Assets.xcassets */ = {isa = PBXFileReference; lastKnownFileType = folder.assetcatalog; path = Assets.xcassets; sourceTree = "<group>"; };
		C42561EB21FD97F700729C0C /* Base */ = {isa = PBXFileReference; lastKnownFileType = file.storyboard; name = Base; path = Base.lproj/LaunchScreen.storyboard; sourceTree = "<group>"; };
		C42561ED21FD97F700729C0C /* Info.plist */ = {isa = PBXFileReference; lastKnownFileType = text.plist.xml; path = Info.plist; sourceTree = "<group>"; };
		C49F000D21FDBDC600AB756B /* PhotoViewController.swift */ = {isa = PBXFileReference; lastKnownFileType = sourcecode.swift; path = PhotoViewController.swift; sourceTree = "<group>"; };
		C49F001021FDC21100AB756B /* Transport.swift */ = {isa = PBXFileReference; fileEncoding = 4; lastKnownFileType = sourcecode.swift; path = Transport.swift; sourceTree = "<group>"; };
		C49F001221FDC21100AB756B /* Parser.swift */ = {isa = PBXFileReference; fileEncoding = 4; lastKnownFileType = sourcecode.swift; path = Parser.swift; sourceTree = "<group>"; };
		C49F001621FDC22B00AB756B /* ServiceLayer.swift */ = {isa = PBXFileReference; fileEncoding = 4; lastKnownFileType = sourcecode.swift; path = ServiceLayer.swift; sourceTree = "<group>"; };
		C49F001921FDC23800AB756B /* NewsServiceImpl.swift */ = {isa = PBXFileReference; fileEncoding = 4; lastKnownFileType = sourcecode.swift; path = NewsServiceImpl.swift; sourceTree = "<group>"; };
		C49F001B21FDC23800AB756B /* NewsService.swift */ = {isa = PBXFileReference; fileEncoding = 4; lastKnownFileType = sourcecode.swift; path = NewsService.swift; sourceTree = "<group>"; };
		C49F001D21FDC23800AB756B /* AddNewsResponse.swift */ = {isa = PBXFileReference; fileEncoding = 4; lastKnownFileType = sourcecode.swift; path = AddNewsResponse.swift; sourceTree = "<group>"; };
		C49F001E21FDC23800AB756B /* NewsRepsonse.swift */ = {isa = PBXFileReference; fileEncoding = 4; lastKnownFileType = sourcecode.swift; path = NewsRepsonse.swift; sourceTree = "<group>"; };
		C49F001F21FDC23800AB756B /* DeleteNewsResponse.swift */ = {isa = PBXFileReference; fileEncoding = 4; lastKnownFileType = sourcecode.swift; path = DeleteNewsResponse.swift; sourceTree = "<group>"; };
		C49F002521FDC37200AB756B /* AddPhotoPresentationModel.swift */ = {isa = PBXFileReference; fileEncoding = 4; lastKnownFileType = sourcecode.swift; path = AddPhotoPresentationModel.swift; sourceTree = "<group>"; };
		C49F002721FDCA8500AB756B /* PresentationModel.swift */ = {isa = PBXFileReference; fileEncoding = 4; lastKnownFileType = sourcecode.swift; path = PresentationModel.swift; sourceTree = "<group>"; };
		C49F002921FDCB3B00AB756B /* PhotoViewModel.swift */ = {isa = PBXFileReference; lastKnownFileType = sourcecode.swift; path = PhotoViewModel.swift; sourceTree = "<group>"; };
		D3DF7D4A0F97A657166FF1C2 /* Pods-PhotoLab.debug.xcconfig */ = {isa = PBXFileReference; includeInIndex = 1; lastKnownFileType = text.xcconfig; name = "Pods-PhotoLab.debug.xcconfig"; path = "Pods/Target Support Files/Pods-PhotoLab/Pods-PhotoLab.debug.xcconfig"; sourceTree = "<group>"; };
/* End PBXFileReference section */

/* Begin PBXFrameworksBuildPhase section */
		C42561DB21FD97F300729C0C /* Frameworks */ = {
			isa = PBXFrameworksBuildPhase;
			buildActionMask = 2147483647;
			files = (
				833D95F6765BAA82907F95D4 /* Pods_PhotoLab.framework in Frameworks */,
			);
			runOnlyForDeploymentPostprocessing = 0;
		};
/* End PBXFrameworksBuildPhase section */

/* Begin PBXGroup section */
		11B460B1B29128D05E1AF211 /* Frameworks */ = {
			isa = PBXGroup;
			children = (
				07894CB84F3F541922252F92 /* Pods_PhotoLab.framework */,
			);
			name = Frameworks;
			sourceTree = "<group>";
		};
		97E3BA8D5F4657E6004F45D6 /* Pods */ = {
			isa = PBXGroup;
			children = (
				D3DF7D4A0F97A657166FF1C2 /* Pods-PhotoLab.debug.xcconfig */,
				4F71DD6FFFABEBDE3B677D3D /* Pods-PhotoLab.release.xcconfig */,
			);
			name = Pods;
			sourceTree = "<group>";
		};
		C42561D521FD97F300729C0C = {
			isa = PBXGroup;
			children = (
				C42561E021FD97F300729C0C /* PhotoLab */,
				C42561DF21FD97F300729C0C /* Products */,
				97E3BA8D5F4657E6004F45D6 /* Pods */,
				11B460B1B29128D05E1AF211 /* Frameworks */,
			);
			sourceTree = "<group>";
		};
		C42561DF21FD97F300729C0C /* Products */ = {
			isa = PBXGroup;
			children = (
				C42561DE21FD97F300729C0C /* PhotoLab.app */,
			);
			name = Products;
			sourceTree = "<group>";
		};
		C42561E021FD97F300729C0C /* PhotoLab */ = {
			isa = PBXGroup;
			children = (
				C49F002721FDCA8500AB756B /* PresentationModel.swift */,
				C42561E121FD97F300729C0C /* AppDelegate.swift */,
				C42561E321FD97F300729C0C /* ViewController.swift */,
				C49F002921FDCB3B00AB756B /* PhotoViewModel.swift */,
				C49F002521FDC37200AB756B /* AddPhotoPresentationModel.swift */,
				C42561E521FD97F300729C0C /* Main.storyboard */,
				C42561E821FD97F700729C0C /* Assets.xcassets */,
				C42561EA21FD97F700729C0C /* LaunchScreen.storyboard */,
				C42561ED21FD97F700729C0C /* Info.plist */,
				C49F000D21FDBDC600AB756B /* PhotoViewController.swift */,
				C49F001621FDC22B00AB756B /* ServiceLayer.swift */,
				C49F001821FDC23800AB756B /* Service */,
				C49F000F21FDC21100AB756B /* Core Components */,
			);
			path = PhotoLab;
			sourceTree = "<group>";
		};
		C49F000F21FDC21100AB756B /* Core Components */ = {
			isa = PBXGroup;
			children = (
				C49F001021FDC21100AB756B /* Transport.swift */,
				C49F001221FDC21100AB756B /* Parser.swift */,
			);
			path = "Core Components";
			sourceTree = "<group>";
		};
		C49F001821FDC23800AB756B /* Service */ = {
			isa = PBXGroup;
			children = (
				C49F001921FDC23800AB756B /* NewsServiceImpl.swift */,
				C49F001A21FDC23800AB756B /* Protocol */,
				C49F001C21FDC23800AB756B /* Parser */,
			);
			path = Service;
			sourceTree = "<group>";
		};
		C49F001A21FDC23800AB756B /* Protocol */ = {
			isa = PBXGroup;
			children = (
				C49F001B21FDC23800AB756B /* NewsService.swift */,
			);
			path = Protocol;
			sourceTree = "<group>";
		};
		C49F001C21FDC23800AB756B /* Parser */ = {
			isa = PBXGroup;
			children = (
				C49F001D21FDC23800AB756B /* AddNewsResponse.swift */,
				C49F001E21FDC23800AB756B /* NewsRepsonse.swift */,
				C49F001F21FDC23800AB756B /* DeleteNewsResponse.swift */,
			);
			path = Parser;
			sourceTree = "<group>";
		};
/* End PBXGroup section */

/* Begin PBXNativeTarget section */
		C42561DD21FD97F300729C0C /* PhotoLab */ = {
			isa = PBXNativeTarget;
			buildConfigurationList = C42561F021FD97F700729C0C /* Build configuration list for PBXNativeTarget "PhotoLab" */;
			buildPhases = (
				639A483496B205E6AB108C78 /* [CP] Check Pods Manifest.lock */,
				C42561DA21FD97F300729C0C /* Sources */,
				C42561DB21FD97F300729C0C /* Frameworks */,
				C42561DC21FD97F300729C0C /* Resources */,
				CF1E1482B270FB5BC3D1BB32 /* [CP] Embed Pods Frameworks */,
			);
			buildRules = (
			);
			dependencies = (
			);
			name = PhotoLab;
			productName = PhotoLab;
			productReference = C42561DE21FD97F300729C0C /* PhotoLab.app */;
			productType = "com.apple.product-type.application";
		};
/* End PBXNativeTarget section */

/* Begin PBXProject section */
		C42561D621FD97F300729C0C /* Project object */ = {
			isa = PBXProject;
			attributes = {
				LastSwiftUpdateCheck = 1010;
				LastUpgradeCheck = 1010;
				ORGANIZATIONNAME = "Elena Yanovskaya";
				TargetAttributes = {
					C42561DD21FD97F300729C0C = {
						CreatedOnToolsVersion = 10.1;
					};
				};
			};
			buildConfigurationList = C42561D921FD97F300729C0C /* Build configuration list for PBXProject "PhotoLab" */;
			compatibilityVersion = "Xcode 9.3";
			developmentRegion = en;
			hasScannedForEncodings = 0;
			knownRegions = (
				en,
				Base,
			);
			mainGroup = C42561D521FD97F300729C0C;
			productRefGroup = C42561DF21FD97F300729C0C /* Products */;
			projectDirPath = "";
			projectRoot = "";
			targets = (
				C42561DD21FD97F300729C0C /* PhotoLab */,
			);
		};
/* End PBXProject section */

/* Begin PBXResourcesBuildPhase section */
		C42561DC21FD97F300729C0C /* Resources */ = {
			isa = PBXResourcesBuildPhase;
			buildActionMask = 2147483647;
			files = (
				C42561EC21FD97F700729C0C /* LaunchScreen.storyboard in Resources */,
				C42561E921FD97F700729C0C /* Assets.xcassets in Resources */,
				C42561E721FD97F300729C0C /* Main.storyboard in Resources */,
			);
			runOnlyForDeploymentPostprocessing = 0;
		};
/* End PBXResourcesBuildPhase section */

/* Begin PBXShellScriptBuildPhase section */
		639A483496B205E6AB108C78 /* [CP] Check Pods Manifest.lock */ = {
			isa = PBXShellScriptBuildPhase;
			buildActionMask = 2147483647;
			files = (
			);
			inputPaths = (
				"${PODS_PODFILE_DIR_PATH}/Podfile.lock",
				"${PODS_ROOT}/Manifest.lock",
			);
			name = "[CP] Check Pods Manifest.lock";
			outputPaths = (
				"$(DERIVED_FILE_DIR)/Pods-PhotoLab-checkManifestLockResult.txt",
			);
			runOnlyForDeploymentPostprocessing = 0;
			shellPath = /bin/sh;
			shellScript = "diff \"${PODS_PODFILE_DIR_PATH}/Podfile.lock\" \"${PODS_ROOT}/Manifest.lock\" > /dev/null\nif [ $? != 0 ] ; then\n    # print error to STDERR\n    echo \"error: The sandbox is not in sync with the Podfile.lock. Run 'pod install' or update your CocoaPods installation.\" >&2\n    exit 1\nfi\n# This output is used by Xcode 'outputs' to avoid re-running this script phase.\necho \"SUCCESS\" > \"${SCRIPT_OUTPUT_FILE_0}\"\n";
			showEnvVarsInLog = 0;
		};
		CF1E1482B270FB5BC3D1BB32 /* [CP] Embed Pods Frameworks */ = {
			isa = PBXShellScriptBuildPhase;
			buildActionMask = 2147483647;
			files = (
			);
			inputPaths = (
				"${SRCROOT}/Pods/Target Support Files/Pods-PhotoLab/Pods-PhotoLab-frameworks.sh",
				"${BUILT_PRODUCTS_DIR}/Alamofire/Alamofire.framework",
				"${BUILT_PRODUCTS_DIR}/Bolts/Bolts.framework",
				"${BUILT_PRODUCTS_DIR}/FBSDKCoreKit/FBSDKCoreKit.framework",
				"${BUILT_PRODUCTS_DIR}/FBSDKShareKit/FBSDKShareKit.framework",
				"${BUILT_PRODUCTS_DIR}/FacebookCore/FacebookCore.framework",
				"${BUILT_PRODUCTS_DIR}/FacebookShare/FacebookShare.framework",
				"${BUILT_PRODUCTS_DIR}/Kingfisher/Kingfisher.framework",
			);
			name = "[CP] Embed Pods Frameworks";
			outputPaths = (
				"${TARGET_BUILD_DIR}/${FRAMEWORKS_FOLDER_PATH}/Alamofire.framework",
				"${TARGET_BUILD_DIR}/${FRAMEWORKS_FOLDER_PATH}/Bolts.framework",
				"${TARGET_BUILD_DIR}/${FRAMEWORKS_FOLDER_PATH}/FBSDKCoreKit.framework",
				"${TARGET_BUILD_DIR}/${FRAMEWORKS_FOLDER_PATH}/FBSDKShareKit.framework",
				"${TARGET_BUILD_DIR}/${FRAMEWORKS_FOLDER_PATH}/FacebookCore.framework",
				"${TARGET_BUILD_DIR}/${FRAMEWORKS_FOLDER_PATH}/FacebookShare.framework",
				"${TARGET_BUILD_DIR}/${FRAMEWORKS_FOLDER_PATH}/Kingfisher.framework",
			);
			runOnlyForDeploymentPostprocessing = 0;
			shellPath = /bin/sh;
			shellScript = "\"${SRCROOT}/Pods/Target Support Files/Pods-PhotoLab/Pods-PhotoLab-frameworks.sh\"\n";
			showEnvVarsInLog = 0;
		};
/* End PBXShellScriptBuildPhase section */

/* Begin PBXSourcesBuildPhase section */
		C42561DA21FD97F300729C0C /* Sources */ = {
			isa = PBXSourcesBuildPhase;
			buildActionMask = 2147483647;
			files = (
				C49F002621FDC37200AB756B /* AddPhotoPresentationModel.swift in Sources */,
				C42561E421FD97F300729C0C /* ViewController.swift in Sources */,
				C49F001721FDC22B00AB756B /* ServiceLayer.swift in Sources */,
				C49F002821FDCA8600AB756B /* PresentationModel.swift in Sources */,
				C49F002121FDC23800AB756B /* NewsService.swift in Sources */,
				C49F002321FDC23800AB756B /* NewsRepsonse.swift in Sources */,
				C49F002021FDC23800AB756B /* NewsServiceImpl.swift in Sources */,
				C49F002421FDC23800AB756B /* DeleteNewsResponse.swift in Sources */,
				C42561E221FD97F300729C0C /* AppDelegate.swift in Sources */,
				C49F002A21FDCB3B00AB756B /* PhotoViewModel.swift in Sources */,
				C49F002221FDC23800AB756B /* AddNewsResponse.swift in Sources */,
				C49F001521FDC21100AB756B /* Parser.swift in Sources */,
				C49F000E21FDBDC600AB756B /* PhotoViewController.swift in Sources */,
				C49F001321FDC21100AB756B /* Transport.swift in Sources */,
			);
			runOnlyForDeploymentPostprocessing = 0;
		};
/* End PBXSourcesBuildPhase section */

/* Begin PBXVariantGroup section */
		C42561E521FD97F300729C0C /* Main.storyboard */ = {
			isa = PBXVariantGroup;
			children = (
				C42561E621FD97F300729C0C /* Base */,
			);
			name = Main.storyboard;
			sourceTree = "<group>";
		};
		C42561EA21FD97F700729C0C /* LaunchScreen.storyboard */ = {
			isa = PBXVariantGroup;
			children = (
				C42561EB21FD97F700729C0C /* Base */,
			);
			name = LaunchScreen.storyboard;
			sourceTree = "<group>";
		};
/* End PBXVariantGroup section */

/* Begin XCBuildConfiguration section */
		C42561EE21FD97F700729C0C /* Debug */ = {
			isa = XCBuildConfiguration;
			buildSettings = {
				ALWAYS_SEARCH_USER_PATHS = NO;
				CLANG_ANALYZER_NONNULL = YES;
				CLANG_ANALYZER_NUMBER_OBJECT_CONVERSION = YES_AGGRESSIVE;
				CLANG_CXX_LANGUAGE_STANDARD = "gnu++14";
				CLANG_CXX_LIBRARY = "libc++";
				CLANG_ENABLE_MODULES = YES;
				CLANG_ENABLE_OBJC_ARC = YES;
				CLANG_ENABLE_OBJC_WEAK = YES;
				CLANG_WARN_BLOCK_CAPTURE_AUTORELEASING = YES;
				CLANG_WARN_BOOL_CONVERSION = YES;
				CLANG_WARN_COMMA = YES;
				CLANG_WARN_CONSTANT_CONVERSION = YES;
				CLANG_WARN_DEPRECATED_OBJC_IMPLEMENTATIONS = YES;
				CLANG_WARN_DIRECT_OBJC_ISA_USAGE = YES_ERROR;
				CLANG_WARN_DOCUMENTATION_COMMENTS = YES;
				CLANG_WARN_EMPTY_BODY = YES;
				CLANG_WARN_ENUM_CONVERSION = YES;
				CLANG_WARN_INFINITE_RECURSION = YES;
				CLANG_WARN_INT_CONVERSION = YES;
				CLANG_WARN_NON_LITERAL_NULL_CONVERSION = YES;
				CLANG_WARN_OBJC_IMPLICIT_RETAIN_SELF = YES;
				CLANG_WARN_OBJC_LITERAL_CONVERSION = YES;
				CLANG_WARN_OBJC_ROOT_CLASS = YES_ERROR;
				CLANG_WARN_RANGE_LOOP_ANALYSIS = YES;
				CLANG_WARN_STRICT_PROTOTYPES = YES;
				CLANG_WARN_SUSPICIOUS_MOVE = YES;
				CLANG_WARN_UNGUARDED_AVAILABILITY = YES_AGGRESSIVE;
				CLANG_WARN_UNREACHABLE_CODE = YES;
				CLANG_WARN__DUPLICATE_METHOD_MATCH = YES;
				CODE_SIGN_IDENTITY = "iPhone Developer";
				COPY_PHASE_STRIP = NO;
				DEBUG_INFORMATION_FORMAT = dwarf;
				ENABLE_STRICT_OBJC_MSGSEND = YES;
				ENABLE_TESTABILITY = YES;
				GCC_C_LANGUAGE_STANDARD = gnu11;
				GCC_DYNAMIC_NO_PIC = NO;
				GCC_NO_COMMON_BLOCKS = YES;
				GCC_OPTIMIZATION_LEVEL = 0;
				GCC_PREPROCESSOR_DEFINITIONS = (
					"DEBUG=1",
					"$(inherited)",
				);
				GCC_WARN_64_TO_32_BIT_CONVERSION = YES;
				GCC_WARN_ABOUT_RETURN_TYPE = YES_ERROR;
				GCC_WARN_UNDECLARED_SELECTOR = YES;
				GCC_WARN_UNINITIALIZED_AUTOS = YES_AGGRESSIVE;
				GCC_WARN_UNUSED_FUNCTION = YES;
				GCC_WARN_UNUSED_VARIABLE = YES;
				IPHONEOS_DEPLOYMENT_TARGET = 12.1;
				MTL_ENABLE_DEBUG_INFO = INCLUDE_SOURCE;
				MTL_FAST_MATH = YES;
				ONLY_ACTIVE_ARCH = YES;
				SDKROOT = iphoneos;
				SWIFT_ACTIVE_COMPILATION_CONDITIONS = DEBUG;
				SWIFT_OPTIMIZATION_LEVEL = "-Onone";
			};
			name = Debug;
		};
		C42561EF21FD97F700729C0C /* Release */ = {
			isa = XCBuildConfiguration;
			buildSettings = {
				ALWAYS_SEARCH_USER_PATHS = NO;
				CLANG_ANALYZER_NONNULL = YES;
				CLANG_ANALYZER_NUMBER_OBJECT_CONVERSION = YES_AGGRESSIVE;
				CLANG_CXX_LANGUAGE_STANDARD = "gnu++14";
				CLANG_CXX_LIBRARY = "libc++";
				CLANG_ENABLE_MODULES = YES;
				CLANG_ENABLE_OBJC_ARC = YES;
				CLANG_ENABLE_OBJC_WEAK = YES;
				CLANG_WARN_BLOCK_CAPTURE_AUTORELEASING = YES;
				CLANG_WARN_BOOL_CONVERSION = YES;
				CLANG_WARN_COMMA = YES;
				CLANG_WARN_CONSTANT_CONVERSION = YES;
				CLANG_WARN_DEPRECATED_OBJC_IMPLEMENTATIONS = YES;
				CLANG_WARN_DIRECT_OBJC_ISA_USAGE = YES_ERROR;
				CLANG_WARN_DOCUMENTATION_COMMENTS = YES;
				CLANG_WARN_EMPTY_BODY = YES;
				CLANG_WARN_ENUM_CONVERSION = YES;
				CLANG_WARN_INFINITE_RECURSION = YES;
				CLANG_WARN_INT_CONVERSION = YES;
				CLANG_WARN_NON_LITERAL_NULL_CONVERSION = YES;
				CLANG_WARN_OBJC_IMPLICIT_RETAIN_SELF = YES;
				CLANG_WARN_OBJC_LITERAL_CONVERSION = YES;
				CLANG_WARN_OBJC_ROOT_CLASS = YES_ERROR;
				CLANG_WARN_RANGE_LOOP_ANALYSIS = YES;
				CLANG_WARN_STRICT_PROTOTYPES = YES;
				CLANG_WARN_SUSPICIOUS_MOVE = YES;
				CLANG_WARN_UNGUARDED_AVAILABILITY = YES_AGGRESSIVE;
				CLANG_WARN_UNREACHABLE_CODE = YES;
				CLANG_WARN__DUPLICATE_METHOD_MATCH = YES;
				CODE_SIGN_IDENTITY = "iPhone Developer";
				COPY_PHASE_STRIP = NO;
				DEBUG_INFORMATION_FORMAT = "dwarf-with-dsym";
				ENABLE_NS_ASSERTIONS = NO;
				ENABLE_STRICT_OBJC_MSGSEND = YES;
				GCC_C_LANGUAGE_STANDARD = gnu11;
				GCC_NO_COMMON_BLOCKS = YES;
				GCC_WARN_64_TO_32_BIT_CONVERSION = YES;
				GCC_WARN_ABOUT_RETURN_TYPE = YES_ERROR;
				GCC_WARN_UNDECLARED_SELECTOR = YES;
				GCC_WARN_UNINITIALIZED_AUTOS = YES_AGGRESSIVE;
				GCC_WARN_UNUSED_FUNCTION = YES;
				GCC_WARN_UNUSED_VARIABLE = YES;
				IPHONEOS_DEPLOYMENT_TARGET = 12.1;
				MTL_ENABLE_DEBUG_INFO = NO;
				MTL_FAST_MATH = YES;
				SDKROOT = iphoneos;
				SWIFT_COMPILATION_MODE = wholemodule;
				SWIFT_OPTIMIZATION_LEVEL = "-O";
				VALIDATE_PRODUCT = YES;
			};
			name = Release;
		};
		C42561F121FD97F700729C0C /* Debug */ = {
			isa = XCBuildConfiguration;
			baseConfigurationReference = D3DF7D4A0F97A657166FF1C2 /* Pods-PhotoLab.debug.xcconfig */;
			buildSettings = {
				ASSETCATALOG_COMPILER_APPICON_NAME = AppIcon;
				CODE_SIGN_STYLE = Automatic;
				DEVELOPMENT_TEAM = JHLX4XGDFC;
				INFOPLIST_FILE = PhotoLab/Info.plist;
				IPHONEOS_DEPLOYMENT_TARGET = 10.0;
				LD_RUNPATH_SEARCH_PATHS = (
					"$(inherited)",
					"@executable_path/Frameworks",
				);
				PRODUCT_BUNDLE_IDENTIFIER = com.sinepsys.PhotoLab;
				PRODUCT_NAME = "$(TARGET_NAME)";
				SWIFT_VERSION = 4.2;
				TARGETED_DEVICE_FAMILY = "1,2";
			};
			name = Debug;
		};
		C42561F221FD97F700729C0C /* Release */ = {
			isa = XCBuildConfiguration;
			baseConfigurationReference = 4F71DD6FFFABEBDE3B677D3D /* Pods-PhotoLab.release.xcconfig */;
			buildSettings = {
				ASSETCATALOG_COMPILER_APPICON_NAME = AppIcon;
				CODE_SIGN_STYLE = Automatic;
				DEVELOPMENT_TEAM = JHLX4XGDFC;
				INFOPLIST_FILE = PhotoLab/Info.plist;
				IPHONEOS_DEPLOYMENT_TARGET = 10.0;
				LD_RUNPATH_SEARCH_PATHS = (
					"$(inherited)",
					"@executable_path/Frameworks",
				);
				PRODUCT_BUNDLE_IDENTIFIER = com.sinepsys.PhotoLab;
				PRODUCT_NAME = "$(TARGET_NAME)";
				SWIFT_VERSION = 4.2;
				TARGETED_DEVICE_FAMILY = "1,2";
			};
			name = Release;
		};
/* End XCBuildConfiguration section */

/* Begin XCConfigurationList section */
		C42561D921FD97F300729C0C /* Build configuration list for PBXProject "PhotoLab" */ = {
			isa = XCConfigurationList;
			buildConfigurations = (
				C42561EE21FD97F700729C0C /* Debug */,
				C42561EF21FD97F700729C0C /* Release */,
			);
			defaultConfigurationIsVisible = 0;
			defaultConfigurationName = Release;
		};
		C42561F021FD97F700729C0C /* Build configuration list for PBXNativeTarget "PhotoLab" */ = {
			isa = XCConfigurationList;
			buildConfigurations = (
				C42561F121FD97F700729C0C /* Debug */,
				C42561F221FD97F700729C0C /* Release */,
			);
			defaultConfigurationIsVisible = 0;
			defaultConfigurationName = Release;
		};
/* End XCConfigurationList section */
	};
	rootObject = C42561D621FD97F300729C0C /* Project object */;
}
